
Microsoft Visual Studio Solution File, Format Version 12.00
Project("{2150E333-8FDC-42A3-9474-1A3956D46DE8}") = "src", "src", "{71CE1557-DE7C-4C2D-9293-24980BB4F5E2}"
EndProject
Project("{2150E333-8FDC-42A3-9474-1A3956D46DE8}") = "Services", "Services", "{E107F6BA-5A42-46DC-B30E-86CD2285C5EB}"
EndProject
Project("{2150E333-8FDC-42A3-9474-1A3956D46DE8}") = "Gateways", "Gateways", "{E1C18D59-1F93-46DB-B14B-0288DEE17289}"
EndProject
Project("{2150E333-8FDC-42A3-9474-1A3956D46DE8}") = "Scheduling", "Scheduling", "{C3FB7298-6119-484A-A0AE-26B37A1F425F}"
EndProject
Project("{FAE04EC0-301F-11D3-BF4B-00C04F79EFBC}") = "Scheduling.API", "src\services\Scheduling\Scheduling.API\Scheduling.API.csproj", "{F04257DD-D75F-4DCD-8E6D-D67DC2DC0FB5}"
EndProject
Project("{FAE04EC0-301F-11D3-BF4B-00C04F79EFBC}") = "Scheduling.Application", "src\services\Scheduling\Scheduling.Application\Scheduling.Application.csproj", "{519937CE-BDCE-4D21-94BD-7308E12FFF4E}"
EndProject
Project("{FAE04EC0-301F-11D3-BF4B-00C04F79EFBC}") = "Scheduling.Core", "src\services\Scheduling\Scheduling.Core\Scheduling.Core.csproj", "{D07C065B-D7E6-4185-9BB0-95004CDC98AA}"
EndProject
Project("{FAE04EC0-301F-11D3-BF4B-00C04F79EFBC}") = "Scheduling.Infrastructure", "src\services\Scheduling\Scheduling.Infrastructure\Scheduling.Infrastructure.csproj", "{7151F12B-A1D9-4F15-93E3-114E6F45E437}"
EndProject
Project("{2150E333-8FDC-42A3-9474-1A3956D46DE8}") = "BuildingBlocks", "BuildingBlocks", "{F981084C-120D-439F-914C-ACBD79D21A16}"
EndProject
Project("{FAE04EC0-301F-11D3-BF4B-00C04F79EFBC}") = "BuildingBlocks.ExceptionHandler", "src\BuildingBlocks\BuildingBlocks.ExceptionHandler\BuildingBlocks.ExceptionHandler.csproj", "{7F6E579B-FCF3-40E7-A144-F6146309AF98}"
EndProject
Project("{FAE04EC0-301F-11D3-BF4B-00C04F79EFBC}") = "Scheduling.GraphQL", "src\Services\Scheduling\Scheduling.GraphQL\Scheduling.GraphQL.csproj", "{58C881BF-4387-45E2-A385-BB2F4915F976}"
EndProject
Global
	GlobalSection(SolutionConfigurationPlatforms) = preSolution
		Debug|Any CPU = Debug|Any CPU
		Release|Any CPU = Release|Any CPU
	EndGlobalSection
	GlobalSection(NestedProjects) = preSolution
		{E107F6BA-5A42-46DC-B30E-86CD2285C5EB} = {71CE1557-DE7C-4C2D-9293-24980BB4F5E2}
		{E1C18D59-1F93-46DB-B14B-0288DEE17289} = {71CE1557-DE7C-4C2D-9293-24980BB4F5E2}
		{C3FB7298-6119-484A-A0AE-26B37A1F425F} = {E107F6BA-5A42-46DC-B30E-86CD2285C5EB}
		{F04257DD-D75F-4DCD-8E6D-D67DC2DC0FB5} = {C3FB7298-6119-484A-A0AE-26B37A1F425F}
		{519937CE-BDCE-4D21-94BD-7308E12FFF4E} = {C3FB7298-6119-484A-A0AE-26B37A1F425F}
		{D07C065B-D7E6-4185-9BB0-95004CDC98AA} = {C3FB7298-6119-484A-A0AE-26B37A1F425F}
		{7151F12B-A1D9-4F15-93E3-114E6F45E437} = {C3FB7298-6119-484A-A0AE-26B37A1F425F}
		{F981084C-120D-439F-914C-ACBD79D21A16} = {71CE1557-DE7C-4C2D-9293-24980BB4F5E2}
		{7F6E579B-FCF3-40E7-A144-F6146309AF98} = {F981084C-120D-439F-914C-ACBD79D21A16}
		{58C881BF-4387-45E2-A385-BB2F4915F976} = {C3FB7298-6119-484A-A0AE-26B37A1F425F}
	EndGlobalSection
	GlobalSection(ProjectConfigurationPlatforms) = postSolution
		{F04257DD-D75F-4DCD-8E6D-D67DC2DC0FB5}.Debug|Any CPU.ActiveCfg = Debug|Any CPU
		{F04257DD-D75F-4DCD-8E6D-D67DC2DC0FB5}.Debug|Any CPU.Build.0 = Debug|Any CPU
		{F04257DD-D75F-4DCD-8E6D-D67DC2DC0FB5}.Release|Any CPU.ActiveCfg = Release|Any CPU
		{F04257DD-D75F-4DCD-8E6D-D67DC2DC0FB5}.Release|Any CPU.Build.0 = Release|Any CPU
		{519937CE-BDCE-4D21-94BD-7308E12FFF4E}.Debug|Any CPU.ActiveCfg = Debug|Any CPU
		{519937CE-BDCE-4D21-94BD-7308E12FFF4E}.Debug|Any CPU.Build.0 = Debug|Any CPU
		{519937CE-BDCE-4D21-94BD-7308E12FFF4E}.Release|Any CPU.ActiveCfg = Release|Any CPU
		{519937CE-BDCE-4D21-94BD-7308E12FFF4E}.Release|Any CPU.Build.0 = Release|Any CPU
		{D07C065B-D7E6-4185-9BB0-95004CDC98AA}.Debug|Any CPU.ActiveCfg = Debug|Any CPU
		{D07C065B-D7E6-4185-9BB0-95004CDC98AA}.Debug|Any CPU.Build.0 = Debug|Any CPU
		{D07C065B-D7E6-4185-9BB0-95004CDC98AA}.Release|Any CPU.ActiveCfg = Release|Any CPU
		{D07C065B-D7E6-4185-9BB0-95004CDC98AA}.Release|Any CPU.Build.0 = Release|Any CPU
		{7151F12B-A1D9-4F15-93E3-114E6F45E437}.Debug|Any CPU.ActiveCfg = Debug|Any CPU
		{7151F12B-A1D9-4F15-93E3-114E6F45E437}.Debug|Any CPU.Build.0 = Debug|Any CPU
		{7151F12B-A1D9-4F15-93E3-114E6F45E437}.Release|Any CPU.ActiveCfg = Release|Any CPU
		{7151F12B-A1D9-4F15-93E3-114E6F45E437}.Release|Any CPU.Build.0 = Release|Any CPU
		{7F6E579B-FCF3-40E7-A144-F6146309AF98}.Debug|Any CPU.ActiveCfg = Debug|Any CPU
		{7F6E579B-FCF3-40E7-A144-F6146309AF98}.Debug|Any CPU.Build.0 = Debug|Any CPU
		{7F6E579B-FCF3-40E7-A144-F6146309AF98}.Release|Any CPU.ActiveCfg = Release|Any CPU
		{7F6E579B-FCF3-40E7-A144-F6146309AF98}.Release|Any CPU.Build.0 = Release|Any CPU
		{58C881BF-4387-45E2-A385-BB2F4915F976}.Debug|Any CPU.ActiveCfg = Debug|Any CPU
		{58C881BF-4387-45E2-A385-BB2F4915F976}.Debug|Any CPU.Build.0 = Debug|Any CPU
		{58C881BF-4387-45E2-A385-BB2F4915F976}.Release|Any CPU.ActiveCfg = Release|Any CPU
		{58C881BF-4387-45E2-A385-BB2F4915F976}.Release|Any CPU.Build.0 = Release|Any CPU
	EndGlobalSection
EndGlobal
